
Microsoft Visual Studio Solution File, Format Version 12.00
# Visual Studio Version 16
VisualStudioVersion = 16.0.30503.244
MinimumVisualStudioVersion = 10.0.40219.1
Project("{9A19103F-16F7-4668-BE54-9A1E7A4F7556}") = "Program", "Program\Program.csproj", "{CF181D5E-823C-41E7-B728-14CB47228E34}"
EndProject
Project("{FAE04EC0-301F-11D3-BF4B-00C04F79EFBC}") = "ClassLibrary1", "ClassLibrary1\ClassLibrary1.csproj", "{F7895624-C0DE-49AE-BEA3-901AA67D527F}"
EndProject
Global
	GlobalSection(SolutionConfigurationPlatforms) = preSolution
		Debug|Any CPU = Debug|Any CPU
		Release|Any CPU = Release|Any CPU
	EndGlobalSection
	GlobalSection(ProjectConfigurationPlatforms) = postSolution
		{CF181D5E-823C-41E7-B728-14CB47228E34}.Debug|Any CPU.ActiveCfg = Debug|Any CPU
		{CF181D5E-823C-41E7-B728-14CB47228E34}.Debug|Any CPU.Build.0 = Debug|Any CPU
		{CF181D5E-823C-41E7-B728-14CB47228E34}.Release|Any CPU.ActiveCfg = Release|Any CPU
		{CF181D5E-823C-41E7-B728-14CB47228E34}.Release|Any CPU.Build.0 = Release|Any CPU
		{F7895624-C0DE-49AE-BEA3-901AA67D527F}.Debug|Any CPU.ActiveCfg = Debug|Any CPU
		{F7895624-C0DE-49AE-BEA3-901AA67D527F}.Debug|Any CPU.Build.0 = Debug|Any CPU
		{F7895624-C0DE-49AE-BEA3-901AA67D527F}.Release|Any CPU.ActiveCfg = Release|Any CPU
		{F7895624-C0DE-49AE-BEA3-901AA67D527F}.Release|Any CPU.Build.0 = Release|Any CPU
	EndGlobalSection
	GlobalSection(SolutionProperties) = preSolution
		HideSolutionNode = FALSE
	EndGlobalSection
	GlobalSection(ExtensibilityGlobals) = postSolution
		SolutionGuid = {BBF1951B-A940-47D2-B5E0-5A5E6B581E36}
	EndGlobalSection
EndGlobal
